
Microsoft Visual Studio Solution File, Format Version 12.00
# Visual Studio Version 16
VisualStudioVersion = 16.0.29215.179
MinimumVisualStudioVersion = 10.0.40219.1
Project("{F184B08F-C81C-45F6-A57F-5ABD9991F28F}") = "AgendamentoCargaSoltaDDC", "src\Agendamento Carga Solta DDC\AgendamentoCargaSoltaDDC\AgendamentoCargaSoltaDDC.vbproj", "{20334062-E738-4F4D-AA16-1FBECF08F325}"
EndProject
Project("{F184B08F-C81C-45F6-A57F-5ABD9991F28F}") = "GPD", "src\Agendamento GPD\GPD\GPD.vbproj", "{2DD2C3DA-6E62-48A9-A351-C8D4FFD0480B}"
EndProject
Project("{F184B08F-C81C-45F6-A57F-5ABD9991F28F}") = "AgendamentoREDEX", "src\AgendamentoREDEX\AgendamentoREDEX.vbproj", "{EC86F485-8D43-4DB4-B059-1E246349BFC2}"
EndProject
Project("{FAE04EC0-301F-11D3-BF4B-00C04F79EFBC}") = "Ecoporto.AgendamentoCS", "src\Ecoporto.AgendamentoCS_OP\src\Ecoporto.AgendamentoCS\Ecoporto.AgendamentoCS.csproj", "{B8C23B49-5210-407E-B170-6A4960FB4BAD}"
EndProject
Project("{2150E333-8FDC-42A3-9474-1A3956D46DE8}") = "Agendamentos", "Agendamentos", "{9EFA916C-57D0-4597-B6E4-4BB3E25BB925}"
EndProject
Project("{2150E333-8FDC-42A3-9474-1A3956D46DE8}") = "Portal", "Portal", "{D3B838DE-A827-4DB8-9A46-633E821BEEF8}"
EndProject
Project("{FAE04EC0-301F-11D3-BF4B-00C04F79EFBC}") = "Ecoporto.Portal", "src\Ecoporto.Portal\src\Ecoporto.Portal\Ecoporto.Portal.csproj", "{0D94C604-6289-4409-BF24-EED287CB1831}"
EndProject
Project("{2150E333-8FDC-42A3-9474-1A3956D46DE8}") = "Carga Solta", "Carga Solta", "{8EFA0033-285A-4CB2-89F5-26C437D5790D}"
EndProject
Project("{2150E333-8FDC-42A3-9474-1A3956D46DE8}") = "Contêiner", "Contêiner", "{1BA97A24-96BE-4EBF-968F-F26A4782E9EC}"
EndProject
Project("{2150E333-8FDC-42A3-9474-1A3956D46DE8}") = "Carga Solta", "Carga Solta", "{82B00F3F-2C76-4F28-83C3-087683A97A0E}"
EndProject
Project("{2150E333-8FDC-42A3-9474-1A3956D46DE8}") = "REDEX", "REDEX", "{5A068129-2143-4887-A51B-55DD5D8ED684}"
EndProject
Project("{2150E333-8FDC-42A3-9474-1A3956D46DE8}") = "DDC", "DDC", "{ECBFC7EE-74AF-40C9-97F0-E4AAF6A49B7B}"
EndProject
Project("{2150E333-8FDC-42A3-9474-1A3956D46DE8}") = "Contêiner (GPD)", "Contêiner (GPD)", "{EC0EFFA0-3562-4CEF-BF28-0F89DD1FCD36}"
EndProject
Project("{FAE04EC0-301F-11D3-BF4B-00C04F79EFBC}") = "Ecoporto.AgendamentoConteiner", "src\Ecoporto.AgendamentoConteiner\src\Ecoporto.AgendamentoConteiner\Ecoporto.AgendamentoConteiner.csproj", "{0C660F11-DF3D-46B1-B229-04E343D5441C}"
EndProject
Project("{2150E333-8FDC-42A3-9474-1A3956D46DE8}") = "Posicionamento", "Posicionamento", "{BF186958-9BB5-43C4-91A8-A782EE56FA4D}"
EndProject
Project("{2150E333-8FDC-42A3-9474-1A3956D46DE8}") = "Operador", "Operador", "{FEB52063-9ED4-4779-A491-EEA64E895F30}"
EndProject
Project("{2150E333-8FDC-42A3-9474-1A3956D46DE8}") = "SGIPA", "SGIPA", "{52FE6272-196B-417F-9B3F-68CFD487C1F1}"
EndProject
Project("{FAE04EC0-301F-11D3-BF4B-00C04F79EFBC}") = "Ecoporto.Posicionamento", "src\Ecoporto.Posicionamento\src\Ecoporto.Posicionamento\Ecoporto.Posicionamento.csproj", "{DADBB964-B07D-410D-B598-CFD422296C20}"
EndProject
Project("{2150E333-8FDC-42A3-9474-1A3956D46DE8}") = "Vinculo Recinto xTransportadora", "Vinculo Recinto xTransportadora", "{11B7463A-FC3C-4856-B7A0-AAC0800BA1DE}"
EndProject
Project("{2150E333-8FDC-42A3-9474-1A3956D46DE8}") = "TRA_DEPOT", "TRA_DEPOT", "{EB6EED11-A320-4F3C-9DA7-C6255EA0E68B}"
EndProject
Project("{FAE04EC0-301F-11D3-BF4B-00C04F79EFBC}") = "Ecoporto.AgendamentoTRA", "src\Ecoporto.AgendamentoTRA\src\Ecoporto.AgendamentoTRA\Ecoporto.AgendamentoTRA.csproj", "{2034228B-08E6-4D42-8A56-981DB154D9C1}"
EndProject
Project("{FAE04EC0-301F-11D3-BF4B-00C04F79EFBC}") = "Ecoporto.AgendamentoDEPOT", "src\Ecoporto.AgendamentoDEPOT\src\Ecoporto.AgendamentoDEPOT\Ecoporto.AgendamentoDEPOT.csproj", "{35CBADED-CE4C-4B44-A0F7-524ECD897E49}"
EndProject
Project("{F184B08F-C81C-45F6-A57F-5ABD9991F28F}") = "AgendamentoCargaSoltaSGIPA", "..\..\..\Dropbox\ecoporto\Ecoporto .NET\Ecoporto.Agendamentos\src\Agendamento Carga Solta SGIPA\UI\AgendamentoCargaSoltaSGIPA.vbproj", "{B0E612DE-DA15-48BD-A179-0AEB1CE12D56}"
EndProject
Global
	GlobalSection(SolutionConfigurationPlatforms) = preSolution
		Debug|Any CPU = Debug|Any CPU
		Release|Any CPU = Release|Any CPU
	EndGlobalSection
	GlobalSection(ProjectConfigurationPlatforms) = postSolution
		{20334062-E738-4F4D-AA16-1FBECF08F325}.Debug|Any CPU.ActiveCfg = Debug|Any CPU
		{20334062-E738-4F4D-AA16-1FBECF08F325}.Debug|Any CPU.Build.0 = Debug|Any CPU
		{20334062-E738-4F4D-AA16-1FBECF08F325}.Release|Any CPU.ActiveCfg = Release|Any CPU
		{20334062-E738-4F4D-AA16-1FBECF08F325}.Release|Any CPU.Build.0 = Release|Any CPU
		{2DD2C3DA-6E62-48A9-A351-C8D4FFD0480B}.Debug|Any CPU.ActiveCfg = Debug|Any CPU
		{2DD2C3DA-6E62-48A9-A351-C8D4FFD0480B}.Debug|Any CPU.Build.0 = Debug|Any CPU
		{2DD2C3DA-6E62-48A9-A351-C8D4FFD0480B}.Release|Any CPU.ActiveCfg = Release|Any CPU
		{2DD2C3DA-6E62-48A9-A351-C8D4FFD0480B}.Release|Any CPU.Build.0 = Release|Any CPU
		{EC86F485-8D43-4DB4-B059-1E246349BFC2}.Debug|Any CPU.ActiveCfg = Debug|Any CPU
		{EC86F485-8D43-4DB4-B059-1E246349BFC2}.Debug|Any CPU.Build.0 = Debug|Any CPU
		{EC86F485-8D43-4DB4-B059-1E246349BFC2}.Release|Any CPU.ActiveCfg = Release|Any CPU
		{EC86F485-8D43-4DB4-B059-1E246349BFC2}.Release|Any CPU.Build.0 = Release|Any CPU
		{B8C23B49-5210-407E-B170-6A4960FB4BAD}.Debug|Any CPU.ActiveCfg = Debug|Any CPU
		{B8C23B49-5210-407E-B170-6A4960FB4BAD}.Debug|Any CPU.Build.0 = Debug|Any CPU
		{B8C23B49-5210-407E-B170-6A4960FB4BAD}.Release|Any CPU.ActiveCfg = Release|Any CPU
		{B8C23B49-5210-407E-B170-6A4960FB4BAD}.Release|Any CPU.Build.0 = Release|Any CPU
		{0D94C604-6289-4409-BF24-EED287CB1831}.Debug|Any CPU.ActiveCfg = Debug|Any CPU
		{0D94C604-6289-4409-BF24-EED287CB1831}.Debug|Any CPU.Build.0 = Debug|Any CPU
		{0D94C604-6289-4409-BF24-EED287CB1831}.Release|Any CPU.ActiveCfg = Release|Any CPU
		{0D94C604-6289-4409-BF24-EED287CB1831}.Release|Any CPU.Build.0 = Release|Any CPU
		{0C660F11-DF3D-46B1-B229-04E343D5441C}.Debug|Any CPU.ActiveCfg = Debug|Any CPU
		{0C660F11-DF3D-46B1-B229-04E343D5441C}.Debug|Any CPU.Build.0 = Debug|Any CPU
		{0C660F11-DF3D-46B1-B229-04E343D5441C}.Release|Any CPU.ActiveCfg = Release|Any CPU
		{0C660F11-DF3D-46B1-B229-04E343D5441C}.Release|Any CPU.Build.0 = Release|Any CPU
		{DADBB964-B07D-410D-B598-CFD422296C20}.Debug|Any CPU.ActiveCfg = Debug|Any CPU
		{DADBB964-B07D-410D-B598-CFD422296C20}.Debug|Any CPU.Build.0 = Debug|Any CPU
		{DADBB964-B07D-410D-B598-CFD422296C20}.Release|Any CPU.ActiveCfg = Release|Any CPU
		{DADBB964-B07D-410D-B598-CFD422296C20}.Release|Any CPU.Build.0 = Release|Any CPU
		{2034228B-08E6-4D42-8A56-981DB154D9C1}.Debug|Any CPU.ActiveCfg = Debug|Any CPU
		{2034228B-08E6-4D42-8A56-981DB154D9C1}.Debug|Any CPU.Build.0 = Debug|Any CPU
		{2034228B-08E6-4D42-8A56-981DB154D9C1}.Release|Any CPU.ActiveCfg = Release|Any CPU
		{2034228B-08E6-4D42-8A56-981DB154D9C1}.Release|Any CPU.Build.0 = Release|Any CPU
		{35CBADED-CE4C-4B44-A0F7-524ECD897E49}.Debug|Any CPU.ActiveCfg = Debug|Any CPU
		{35CBADED-CE4C-4B44-A0F7-524ECD897E49}.Debug|Any CPU.Build.0 = Debug|Any CPU
		{35CBADED-CE4C-4B44-A0F7-524ECD897E49}.Release|Any CPU.ActiveCfg = Release|Any CPU
		{35CBADED-CE4C-4B44-A0F7-524ECD897E49}.Release|Any CPU.Build.0 = Release|Any CPU
		{B0E612DE-DA15-48BD-A179-0AEB1CE12D56}.Debug|Any CPU.ActiveCfg = Debug|Any CPU
		{B0E612DE-DA15-48BD-A179-0AEB1CE12D56}.Debug|Any CPU.Build.0 = Debug|Any CPU
		{B0E612DE-DA15-48BD-A179-0AEB1CE12D56}.Release|Any CPU.ActiveCfg = Release|Any CPU
		{B0E612DE-DA15-48BD-A179-0AEB1CE12D56}.Release|Any CPU.Build.0 = Release|Any CPU
	EndGlobalSection
	GlobalSection(SolutionProperties) = preSolution
		HideSolutionNode = FALSE
	EndGlobalSection
	GlobalSection(NestedProjects) = preSolution
		{20334062-E738-4F4D-AA16-1FBECF08F325} = {ECBFC7EE-74AF-40C9-97F0-E4AAF6A49B7B}
		{2DD2C3DA-6E62-48A9-A351-C8D4FFD0480B} = {EC0EFFA0-3562-4CEF-BF28-0F89DD1FCD36}
		{EC86F485-8D43-4DB4-B059-1E246349BFC2} = {5A068129-2143-4887-A51B-55DD5D8ED684}
		{B8C23B49-5210-407E-B170-6A4960FB4BAD} = {8EFA0033-285A-4CB2-89F5-26C437D5790D}
		{0D94C604-6289-4409-BF24-EED287CB1831} = {D3B838DE-A827-4DB8-9A46-633E821BEEF8}
		{8EFA0033-285A-4CB2-89F5-26C437D5790D} = {FEB52063-9ED4-4779-A491-EEA64E895F30}
		{1BA97A24-96BE-4EBF-968F-F26A4782E9EC} = {FEB52063-9ED4-4779-A491-EEA64E895F30}
		{82B00F3F-2C76-4F28-83C3-087683A97A0E} = {52FE6272-196B-417F-9B3F-68CFD487C1F1}
		{5A068129-2143-4887-A51B-55DD5D8ED684} = {9EFA916C-57D0-4597-B6E4-4BB3E25BB925}
		{ECBFC7EE-74AF-40C9-97F0-E4AAF6A49B7B} = {52FE6272-196B-417F-9B3F-68CFD487C1F1}
		{EC0EFFA0-3562-4CEF-BF28-0F89DD1FCD36} = {52FE6272-196B-417F-9B3F-68CFD487C1F1}
		{0C660F11-DF3D-46B1-B229-04E343D5441C} = {1BA97A24-96BE-4EBF-968F-F26A4782E9EC}
		{BF186958-9BB5-43C4-91A8-A782EE56FA4D} = {FEB52063-9ED4-4779-A491-EEA64E895F30}
		{FEB52063-9ED4-4779-A491-EEA64E895F30} = {9EFA916C-57D0-4597-B6E4-4BB3E25BB925}
		{52FE6272-196B-417F-9B3F-68CFD487C1F1} = {9EFA916C-57D0-4597-B6E4-4BB3E25BB925}
		{DADBB964-B07D-410D-B598-CFD422296C20} = {BF186958-9BB5-43C4-91A8-A782EE56FA4D}
		{11B7463A-FC3C-4856-B7A0-AAC0800BA1DE} = {FEB52063-9ED4-4779-A491-EEA64E895F30}
		{EB6EED11-A320-4F3C-9DA7-C6255EA0E68B} = {FEB52063-9ED4-4779-A491-EEA64E895F30}
		{2034228B-08E6-4D42-8A56-981DB154D9C1} = {11B7463A-FC3C-4856-B7A0-AAC0800BA1DE}
		{35CBADED-CE4C-4B44-A0F7-524ECD897E49} = {EB6EED11-A320-4F3C-9DA7-C6255EA0E68B}
		{B0E612DE-DA15-48BD-A179-0AEB1CE12D56} = {82B00F3F-2C76-4F28-83C3-087683A97A0E}
	EndGlobalSection
	GlobalSection(ExtensibilityGlobals) = postSolution
		SolutionGuid = {9545E9CC-0B4B-4BFD-A4D2-7BB24D7580C2}
	EndGlobalSection
EndGlobal
