
Microsoft Visual Studio Solution File, Format Version 12.00
# Visual Studio Version 16
VisualStudioVersion = 16.0.29418.71
MinimumVisualStudioVersion = 10.0.40219.1
Project("{FAE04EC0-301F-11D3-BF4B-00C04F79EFBC}") = "Ecoporto.AgendamentoDEPOT", "src\Ecoporto.AgendamentoDEPOT\Ecoporto.AgendamentoDEPOT.csproj", "{0C660F11-DF3D-46B1-B229-04E343D5441C}"
EndProject
Global
	GlobalSection(SolutionConfigurationPlatforms) = preSolution
		Debug|Any CPU = Debug|Any CPU
		Release|Any CPU = Release|Any CPU
	EndGlobalSection
	GlobalSection(ProjectConfigurationPlatforms) = postSolution
		{0C660F11-DF3D-46B1-B229-04E343D5441C}.Debug|Any CPU.ActiveCfg = Debug|Any CPU
		{0C660F11-DF3D-46B1-B229-04E343D5441C}.Debug|Any CPU.Build.0 = Debug|Any CPU
		{0C660F11-DF3D-46B1-B229-04E343D5441C}.Release|Any CPU.ActiveCfg = Release|Any CPU
		{0C660F11-DF3D-46B1-B229-04E343D5441C}.Release|Any CPU.Build.0 = Release|Any CPU
	EndGlobalSection
	GlobalSection(SolutionProperties) = preSolution
		HideSolutionNode = FALSE
	EndGlobalSection
	GlobalSection(ExtensibilityGlobals) = postSolution
		SolutionGuid = {BF36B18F-BBF3-4F4C-BB8F-39CF2C046050}
	EndGlobalSection
EndGlobal
